
Microsoft Visual Studio Solution File, Format Version 12.00
# Visual Studio 15
VisualStudioVersion = 15.0.27703.2035
MinimumVisualStudioVersion = 10.0.40219.1
Project("{FAE04EC0-301F-11D3-BF4B-00C04F79EFBC}") = "TEST.API.Core", "TEST.API.Core\TEST.API.Core.csproj", "{AFC25F84-C1AA-4F8F-9254-7C1EEEBD051E}"
EndProject
Project("{FAE04EC0-301F-11D3-BF4B-00C04F79EFBC}") = "TEST.API.Analytics.API", "TEST.API.Analytics.API\TEST.API.Analytics.API.csproj", "{ACA1FFC5-4515-407C-8AB8-07B239A6737D}"
EndProject
Global
	GlobalSection(SolutionConfigurationPlatforms) = preSolution
		Debug|Any CPU = Debug|Any CPU
		Release|Any CPU = Release|Any CPU
	EndGlobalSection
	GlobalSection(ProjectConfigurationPlatforms) = postSolution
		{AFC25F84-C1AA-4F8F-9254-7C1EEEBD051E}.Debug|Any CPU.ActiveCfg = Debug|Any CPU
		{AFC25F84-C1AA-4F8F-9254-7C1EEEBD051E}.Debug|Any CPU.Build.0 = Debug|Any CPU
		{AFC25F84-C1AA-4F8F-9254-7C1EEEBD051E}.Release|Any CPU.ActiveCfg = Release|Any CPU
		{AFC25F84-C1AA-4F8F-9254-7C1EEEBD051E}.Release|Any CPU.Build.0 = Release|Any CPU
		{ACA1FFC5-4515-407C-8AB8-07B239A6737D}.Debug|Any CPU.ActiveCfg = Debug|Any CPU
		{ACA1FFC5-4515-407C-8AB8-07B239A6737D}.Debug|Any CPU.Build.0 = Debug|Any CPU
		{ACA1FFC5-4515-407C-8AB8-07B239A6737D}.Release|Any CPU.ActiveCfg = Release|Any CPU
		{ACA1FFC5-4515-407C-8AB8-07B239A6737D}.Release|Any CPU.Build.0 = Release|Any CPU
	EndGlobalSection
	GlobalSection(SolutionProperties) = preSolution
		HideSolutionNode = FALSE
	EndGlobalSection
	GlobalSection(ExtensibilityGlobals) = postSolution
		SolutionGuid = {658734EC-19CB-4B71-A3E0-89F1C9B030B7}
	EndGlobalSection
EndGlobal
